// !$*UTF8*$!
{
	archiveVersion = 1;
	classes = {
	};
	objectVersion = 56;
	objects = {

/* Begin PBXBuildFile section */
		1D0AC4502A6D16D700BC25FB /* GetSearchUseCaseTests.swift in Sources */ = {isa = PBXBuildFile; fileRef = 1D0AC44F2A6D16D700BC25FB /* GetSearchUseCaseTests.swift */; };
		1D0AC4532A6D18CF00BC25FB /* ITunesRepositorySpy.swift in Sources */ = {isa = PBXBuildFile; fileRef = 1D0AC4522A6D18CF00BC25FB /* ITunesRepositorySpy.swift */; };
		1D0AC4572A6D200A00BC25FB /* SearchViewModelTests.swift in Sources */ = {isa = PBXBuildFile; fileRef = 1D0AC4562A6D200A00BC25FB /* SearchViewModelTests.swift */; };
		1D0AC45A2A6D22AE00BC25FB /* GetSearchUseCaseSpy.swift in Sources */ = {isa = PBXBuildFile; fileRef = 1D0AC4592A6D22AE00BC25FB /* GetSearchUseCaseSpy.swift */; };
		1D52961E2A6CFFAC003B0B86 /* ResultSearchCollectionViewCell.swift in Sources */ = {isa = PBXBuildFile; fileRef = 1D52961D2A6CFFAC003B0B86 /* ResultSearchCollectionViewCell.swift */; };
		1D5296242A6D0B77003B0B86 /* ITunesRepositoryTests.swift in Sources */ = {isa = PBXBuildFile; fileRef = 1D5296232A6D0B77003B0B86 /* ITunesRepositoryTests.swift */; };
		1D5296272A6D0FD3003B0B86 /* GetJsonFile.swift in Sources */ = {isa = PBXBuildFile; fileRef = 1D5296262A6D0FD3003B0B86 /* GetJsonFile.swift */; };
		1D52962A2A6D1049003B0B86 /* SearchResponse.json in Resources */ = {isa = PBXBuildFile; fileRef = 1D5296292A6D1049003B0B86 /* SearchResponse.json */; };
		1D7C47F52A6847D100616B02 /* SearchViewController.swift in Sources */ = {isa = PBXBuildFile; fileRef = 1D7C47F42A6847D100616B02 /* SearchViewController.swift */; };
		1D7C47FA2A684C0900616B02 /* PreviewController.swift in Sources */ = {isa = PBXBuildFile; fileRef = 1D7C47F92A684C0900616B02 /* PreviewController.swift */; };
		1D7C48052A684D5600616B02 /* SearchViewModel.swift in Sources */ = {isa = PBXBuildFile; fileRef = 1D7C48042A684D5600616B02 /* SearchViewModel.swift */; };
		1D7C48092A684D8B00616B02 /* PreviewViewModel.swift in Sources */ = {isa = PBXBuildFile; fileRef = 1D7C48082A684D8B00616B02 /* PreviewViewModel.swift */; };
		1D7C480C2A6850B300616B02 /* ITunesAPI.swift in Sources */ = {isa = PBXBuildFile; fileRef = 1D7C480B2A6850B300616B02 /* ITunesAPI.swift */; };
		1D7C480F2A68520600616B02 /* Encodable+Extension.swift in Sources */ = {isa = PBXBuildFile; fileRef = 1D7C480E2A68520600616B02 /* Encodable+Extension.swift */; };
		1D7C48132A68528300616B02 /* SearchRequest.swift in Sources */ = {isa = PBXBuildFile; fileRef = 1D7C48122A68528300616B02 /* SearchRequest.swift */; };
		1D7C48152A6853D000616B02 /* ITunesRepository.swift in Sources */ = {isa = PBXBuildFile; fileRef = 1D7C48142A6853D000616B02 /* ITunesRepository.swift */; };
		1D7C48172A68542A00616B02 /* SearchResponse.swift in Sources */ = {isa = PBXBuildFile; fileRef = 1D7C48162A68542A00616B02 /* SearchResponse.swift */; };
		1D7C481A2A68569200616B02 /* GetSearchUseCase.swift in Sources */ = {isa = PBXBuildFile; fileRef = 1D7C48192A68569200616B02 /* GetSearchUseCase.swift */; };
		1DBE2D9D2A6D2CAF00B9424D /* PreviewViewModelTests.swift in Sources */ = {isa = PBXBuildFile; fileRef = 1DBE2D9C2A6D2CAF00B9424D /* PreviewViewModelTests.swift */; };
		1DD3A9BA2A6BECDD006ABF53 /* UIViewController+Extension.swift in Sources */ = {isa = PBXBuildFile; fileRef = 1DD3A9B92A6BECDD006ABF53 /* UIViewController+Extension.swift */; };
		1DD3A9BD2A6C012D006ABF53 /* MainViewController.swift in Sources */ = {isa = PBXBuildFile; fileRef = 1DD3A9BC2A6C012D006ABF53 /* MainViewController.swift */; };
		1DD3A9BF2A6C3DF5006ABF53 /* PreviewPosterView.swift in Sources */ = {isa = PBXBuildFile; fileRef = 1DD3A9BE2A6C3DF5006ABF53 /* PreviewPosterView.swift */; };
		1DD3A9C12A6C4693006ABF53 /* PreviewDetailView.swift in Sources */ = {isa = PBXBuildFile; fileRef = 1DD3A9C02A6C4693006ABF53 /* PreviewDetailView.swift */; };
		1DD3A9C32A6C482C006ABF53 /* PreviewControlView.swift in Sources */ = {isa = PBXBuildFile; fileRef = 1DD3A9C22A6C482C006ABF53 /* PreviewControlView.swift */; };
		1DD3A9C52A6C5979006ABF53 /* Double+Extension.swift in Sources */ = {isa = PBXBuildFile; fileRef = 1DD3A9C42A6C5979006ABF53 /* Double+Extension.swift */; };
		1DD3A9C92A6C6204006ABF53 /* AVPlayer+Extension.swift in Sources */ = {isa = PBXBuildFile; fileRef = 1DD3A9C82A6C6204006ABF53 /* AVPlayer+Extension.swift */; };
		5CEBA861B475DBD8F5F6273A /* Pods_example_playlist_itunes_music.framework in Frameworks */ = {isa = PBXBuildFile; fileRef = 16997A70BFF9CD8D1F3EA2DA /* Pods_example_playlist_itunes_music.framework */; };
		EF6952822A680B9A00911F18 /* AppDelegate.swift in Sources */ = {isa = PBXBuildFile; fileRef = EF6952812A680B9A00911F18 /* AppDelegate.swift */; };
		EF6952842A680B9A00911F18 /* SceneDelegate.swift in Sources */ = {isa = PBXBuildFile; fileRef = EF6952832A680B9A00911F18 /* SceneDelegate.swift */; };
		EF69528B2A680B9C00911F18 /* Assets.xcassets in Resources */ = {isa = PBXBuildFile; fileRef = EF69528A2A680B9C00911F18 /* Assets.xcassets */; };
		EF69528E2A680B9C00911F18 /* LaunchScreen.storyboard in Resources */ = {isa = PBXBuildFile; fileRef = EF69528C2A680B9C00911F18 /* LaunchScreen.storyboard */; };
		EFCC32692A69FD5A00D2ABDD /* PlaylistItemCollectionViewCell.swift in Sources */ = {isa = PBXBuildFile; fileRef = EFCC32682A69FD5A00D2ABDD /* PlaylistItemCollectionViewCell.swift */; };
		EFCC326B2A6A057B00D2ABDD /* UIImageView+Extension.swift in Sources */ = {isa = PBXBuildFile; fileRef = EFCC326A2A6A057B00D2ABDD /* UIImageView+Extension.swift */; };
		EFCC326E2A6A278C00D2ABDD /* SpinnerViewController.swift in Sources */ = {isa = PBXBuildFile; fileRef = EFCC326D2A6A278C00D2ABDD /* SpinnerViewController.swift */; };
		FE811D0AF21079215D4AADE9 /* Pods_example_playlist_itunes_musicTests.framework in Frameworks */ = {isa = PBXBuildFile; fileRef = 15B33D3BB11C8F1C9C0D9B26 /* Pods_example_playlist_itunes_musicTests.framework */; };
/* End PBXBuildFile section */

/* Begin PBXContainerItemProxy section */
		EF6952952A680B9C00911F18 /* PBXContainerItemProxy */ = {
			isa = PBXContainerItemProxy;
			containerPortal = EF6952762A680B9A00911F18 /* Project object */;
			proxyType = 1;
			remoteGlobalIDString = EF69527D2A680B9A00911F18;
			remoteInfo = "example-playlist-itunes-music";
		};
/* End PBXContainerItemProxy section */

/* Begin PBXFileReference section */
		15B33D3BB11C8F1C9C0D9B26 /* Pods_example_playlist_itunes_musicTests.framework */ = {isa = PBXFileReference; explicitFileType = wrapper.framework; includeInIndex = 0; path = Pods_example_playlist_itunes_musicTests.framework; sourceTree = BUILT_PRODUCTS_DIR; };
		16997A70BFF9CD8D1F3EA2DA /* Pods_example_playlist_itunes_music.framework */ = {isa = PBXFileReference; explicitFileType = wrapper.framework; includeInIndex = 0; path = Pods_example_playlist_itunes_music.framework; sourceTree = BUILT_PRODUCTS_DIR; };
		1D0AC44F2A6D16D700BC25FB /* GetSearchUseCaseTests.swift */ = {isa = PBXFileReference; lastKnownFileType = sourcecode.swift; path = GetSearchUseCaseTests.swift; sourceTree = "<group>"; };
		1D0AC4522A6D18CF00BC25FB /* ITunesRepositorySpy.swift */ = {isa = PBXFileReference; lastKnownFileType = sourcecode.swift; path = ITunesRepositorySpy.swift; sourceTree = "<group>"; };
		1D0AC4562A6D200A00BC25FB /* SearchViewModelTests.swift */ = {isa = PBXFileReference; lastKnownFileType = sourcecode.swift; path = SearchViewModelTests.swift; sourceTree = "<group>"; };
		1D0AC4592A6D22AE00BC25FB /* GetSearchUseCaseSpy.swift */ = {isa = PBXFileReference; lastKnownFileType = sourcecode.swift; path = GetSearchUseCaseSpy.swift; sourceTree = "<group>"; };
		1D52961D2A6CFFAC003B0B86 /* ResultSearchCollectionViewCell.swift */ = {isa = PBXFileReference; lastKnownFileType = sourcecode.swift; path = ResultSearchCollectionViewCell.swift; sourceTree = "<group>"; };
		1D5296232A6D0B77003B0B86 /* ITunesRepositoryTests.swift */ = {isa = PBXFileReference; lastKnownFileType = sourcecode.swift; path = ITunesRepositoryTests.swift; sourceTree = "<group>"; };
		1D5296262A6D0FD3003B0B86 /* GetJsonFile.swift */ = {isa = PBXFileReference; lastKnownFileType = sourcecode.swift; path = GetJsonFile.swift; sourceTree = "<group>"; };
		1D5296292A6D1049003B0B86 /* SearchResponse.json */ = {isa = PBXFileReference; lastKnownFileType = text.json; path = SearchResponse.json; sourceTree = "<group>"; };
		1D7C47F42A6847D100616B02 /* SearchViewController.swift */ = {isa = PBXFileReference; lastKnownFileType = sourcecode.swift; path = SearchViewController.swift; sourceTree = "<group>"; };
		1D7C47F92A684C0900616B02 /* PreviewController.swift */ = {isa = PBXFileReference; lastKnownFileType = sourcecode.swift; path = PreviewController.swift; sourceTree = "<group>"; };
		1D7C48042A684D5600616B02 /* SearchViewModel.swift */ = {isa = PBXFileReference; lastKnownFileType = sourcecode.swift; path = SearchViewModel.swift; sourceTree = "<group>"; };
		1D7C48082A684D8B00616B02 /* PreviewViewModel.swift */ = {isa = PBXFileReference; lastKnownFileType = sourcecode.swift; path = PreviewViewModel.swift; sourceTree = "<group>"; };
		1D7C480B2A6850B300616B02 /* ITunesAPI.swift */ = {isa = PBXFileReference; lastKnownFileType = sourcecode.swift; path = ITunesAPI.swift; sourceTree = "<group>"; };
		1D7C480E2A68520600616B02 /* Encodable+Extension.swift */ = {isa = PBXFileReference; lastKnownFileType = sourcecode.swift; path = "Encodable+Extension.swift"; sourceTree = "<group>"; };
		1D7C48122A68528300616B02 /* SearchRequest.swift */ = {isa = PBXFileReference; lastKnownFileType = sourcecode.swift; path = SearchRequest.swift; sourceTree = "<group>"; };
		1D7C48142A6853D000616B02 /* ITunesRepository.swift */ = {isa = PBXFileReference; lastKnownFileType = sourcecode.swift; path = ITunesRepository.swift; sourceTree = "<group>"; };
		1D7C48162A68542A00616B02 /* SearchResponse.swift */ = {isa = PBXFileReference; lastKnownFileType = sourcecode.swift; path = SearchResponse.swift; sourceTree = "<group>"; };
		1D7C48192A68569200616B02 /* GetSearchUseCase.swift */ = {isa = PBXFileReference; lastKnownFileType = sourcecode.swift; path = GetSearchUseCase.swift; sourceTree = "<group>"; };
		1DBE2D9C2A6D2CAF00B9424D /* PreviewViewModelTests.swift */ = {isa = PBXFileReference; lastKnownFileType = sourcecode.swift; path = PreviewViewModelTests.swift; sourceTree = "<group>"; };
		1DD3A9B92A6BECDD006ABF53 /* UIViewController+Extension.swift */ = {isa = PBXFileReference; lastKnownFileType = sourcecode.swift; path = "UIViewController+Extension.swift"; sourceTree = "<group>"; };
		1DD3A9BC2A6C012D006ABF53 /* MainViewController.swift */ = {isa = PBXFileReference; lastKnownFileType = sourcecode.swift; path = MainViewController.swift; sourceTree = "<group>"; };
		1DD3A9BE2A6C3DF5006ABF53 /* PreviewPosterView.swift */ = {isa = PBXFileReference; lastKnownFileType = sourcecode.swift; path = PreviewPosterView.swift; sourceTree = "<group>"; };
		1DD3A9C02A6C4693006ABF53 /* PreviewDetailView.swift */ = {isa = PBXFileReference; lastKnownFileType = sourcecode.swift; path = PreviewDetailView.swift; sourceTree = "<group>"; };
		1DD3A9C22A6C482C006ABF53 /* PreviewControlView.swift */ = {isa = PBXFileReference; lastKnownFileType = sourcecode.swift; path = PreviewControlView.swift; sourceTree = "<group>"; };
		1DD3A9C42A6C5979006ABF53 /* Double+Extension.swift */ = {isa = PBXFileReference; lastKnownFileType = sourcecode.swift; path = "Double+Extension.swift"; sourceTree = "<group>"; };
		1DD3A9C82A6C6204006ABF53 /* AVPlayer+Extension.swift */ = {isa = PBXFileReference; lastKnownFileType = sourcecode.swift; path = "AVPlayer+Extension.swift"; sourceTree = "<group>"; };
		28EDA903B3F97B218358CCCB /* Pods_example_playlist_itunes_music_example_playlist_itunes_musicUITests.framework */ = {isa = PBXFileReference; explicitFileType = wrapper.framework; includeInIndex = 0; path = Pods_example_playlist_itunes_music_example_playlist_itunes_musicUITests.framework; sourceTree = BUILT_PRODUCTS_DIR; };
		3AA9E3031A0FC3E900523E67 /* Pods-example-playlist-itunes-music.debug.xcconfig */ = {isa = PBXFileReference; includeInIndex = 1; lastKnownFileType = text.xcconfig; name = "Pods-example-playlist-itunes-music.debug.xcconfig"; path = "Target Support Files/Pods-example-playlist-itunes-music/Pods-example-playlist-itunes-music.debug.xcconfig"; sourceTree = "<group>"; };
		7BF3D98F4F5722C877E3072D /* Pods-example-playlist-itunes-musicTests.debug.xcconfig */ = {isa = PBXFileReference; includeInIndex = 1; lastKnownFileType = text.xcconfig; name = "Pods-example-playlist-itunes-musicTests.debug.xcconfig"; path = "Target Support Files/Pods-example-playlist-itunes-musicTests/Pods-example-playlist-itunes-musicTests.debug.xcconfig"; sourceTree = "<group>"; };
		8D3F20A4ECAD64A3D86DD64C /* Pods-example-playlist-itunes-music.release.xcconfig */ = {isa = PBXFileReference; includeInIndex = 1; lastKnownFileType = text.xcconfig; name = "Pods-example-playlist-itunes-music.release.xcconfig"; path = "Target Support Files/Pods-example-playlist-itunes-music/Pods-example-playlist-itunes-music.release.xcconfig"; sourceTree = "<group>"; };
		CBFC9B27A40876A58FA9E728 /* Pods-example-playlist-itunes-musicTests.release.xcconfig */ = {isa = PBXFileReference; includeInIndex = 1; lastKnownFileType = text.xcconfig; name = "Pods-example-playlist-itunes-musicTests.release.xcconfig"; path = "Target Support Files/Pods-example-playlist-itunes-musicTests/Pods-example-playlist-itunes-musicTests.release.xcconfig"; sourceTree = "<group>"; };
		EF69527E2A680B9A00911F18 /* example-playlist-itunes-music.app */ = {isa = PBXFileReference; explicitFileType = wrapper.application; includeInIndex = 0; path = "example-playlist-itunes-music.app"; sourceTree = BUILT_PRODUCTS_DIR; };
		EF6952812A680B9A00911F18 /* AppDelegate.swift */ = {isa = PBXFileReference; lastKnownFileType = sourcecode.swift; path = AppDelegate.swift; sourceTree = "<group>"; };
		EF6952832A680B9A00911F18 /* SceneDelegate.swift */ = {isa = PBXFileReference; lastKnownFileType = sourcecode.swift; path = SceneDelegate.swift; sourceTree = "<group>"; };
		EF69528A2A680B9C00911F18 /* Assets.xcassets */ = {isa = PBXFileReference; lastKnownFileType = folder.assetcatalog; path = Assets.xcassets; sourceTree = "<group>"; };
		EF69528D2A680B9C00911F18 /* Base */ = {isa = PBXFileReference; lastKnownFileType = file.storyboard; name = Base; path = Base.lproj/LaunchScreen.storyboard; sourceTree = "<group>"; };
		EF69528F2A680B9C00911F18 /* Info.plist */ = {isa = PBXFileReference; lastKnownFileType = text.plist.xml; path = Info.plist; sourceTree = "<group>"; };
		EF6952942A680B9C00911F18 /* example-playlist-itunes-musicTests.xctest */ = {isa = PBXFileReference; explicitFileType = wrapper.cfbundle; includeInIndex = 0; path = "example-playlist-itunes-musicTests.xctest"; sourceTree = BUILT_PRODUCTS_DIR; };
		EFCC32682A69FD5A00D2ABDD /* PlaylistItemCollectionViewCell.swift */ = {isa = PBXFileReference; lastKnownFileType = sourcecode.swift; path = PlaylistItemCollectionViewCell.swift; sourceTree = "<group>"; };
		EFCC326A2A6A057B00D2ABDD /* UIImageView+Extension.swift */ = {isa = PBXFileReference; lastKnownFileType = sourcecode.swift; path = "UIImageView+Extension.swift"; sourceTree = "<group>"; };
		EFCC326D2A6A278C00D2ABDD /* SpinnerViewController.swift */ = {isa = PBXFileReference; lastKnownFileType = sourcecode.swift; path = SpinnerViewController.swift; sourceTree = "<group>"; };
/* End PBXFileReference section */

/* Begin PBXFrameworksBuildPhase section */
		EF69527B2A680B9A00911F18 /* Frameworks */ = {
			isa = PBXFrameworksBuildPhase;
			buildActionMask = 2147483647;
			files = (
				5CEBA861B475DBD8F5F6273A /* Pods_example_playlist_itunes_music.framework in Frameworks */,
			);
			runOnlyForDeploymentPostprocessing = 0;
		};
		EF6952912A680B9C00911F18 /* Frameworks */ = {
			isa = PBXFrameworksBuildPhase;
			buildActionMask = 2147483647;
			files = (
				FE811D0AF21079215D4AADE9 /* Pods_example_playlist_itunes_musicTests.framework in Frameworks */,
			);
			runOnlyForDeploymentPostprocessing = 0;
		};
/* End PBXFrameworksBuildPhase section */

/* Begin PBXGroup section */
		1D0AC4512A6D18C400BC25FB /* Repositories */ = {
			isa = PBXGroup;
			children = (
				1D0AC4522A6D18CF00BC25FB /* ITunesRepositorySpy.swift */,
			);
			path = Repositories;
			sourceTree = "<group>";
		};
		1D0AC4542A6D1FF900BC25FB /* Search */ = {
			isa = PBXGroup;
			children = (
				1D0AC4552A6D1FFF00BC25FB /* ViewModel */,
			);
			path = Search;
			sourceTree = "<group>";
		};
		1D0AC4552A6D1FFF00BC25FB /* ViewModel */ = {
			isa = PBXGroup;
			children = (
				1D0AC4562A6D200A00BC25FB /* SearchViewModelTests.swift */,
			);
			path = ViewModel;
			sourceTree = "<group>";
		};
		1D0AC4582A6D22A000BC25FB /* UseCases */ = {
			isa = PBXGroup;
			children = (
				1D0AC4592A6D22AE00BC25FB /* GetSearchUseCaseSpy.swift */,
			);
			path = UseCases;
			sourceTree = "<group>";
		};
		1D52961F2A6D0996003B0B86 /* UseCases */ = {
			isa = PBXGroup;
			children = (
				1D0AC44F2A6D16D700BC25FB /* GetSearchUseCaseTests.swift */,
			);
			path = UseCases;
			sourceTree = "<group>";
		};
		1D5296202A6D0A1B003B0B86 /* Repositories */ = {
			isa = PBXGroup;
			children = (
				1D5296232A6D0B77003B0B86 /* ITunesRepositoryTests.swift */,
			);
			path = Repositories;
			sourceTree = "<group>";
		};
		1D5296212A6D0A21003B0B86 /* Scenes */ = {
			isa = PBXGroup;
			children = (
				1DBE2D982A6D2C9000B9424D /* Preview */,
				1D0AC4542A6D1FF900BC25FB /* Search */,
			);
			path = Scenes;
			sourceTree = "<group>";
		};
		1D5296222A6D0A62003B0B86 /* Spy */ = {
			isa = PBXGroup;
			children = (
				1D0AC4582A6D22A000BC25FB /* UseCases */,
				1D0AC4512A6D18C400BC25FB /* Repositories */,
			);
			path = Spy;
			sourceTree = "<group>";
		};
		1D5296252A6D0FC5003B0B86 /* Tools */ = {
			isa = PBXGroup;
			children = (
				1D5296262A6D0FD3003B0B86 /* GetJsonFile.swift */,
			);
			path = Tools;
			sourceTree = "<group>";
		};
		1D5296282A6D1026003B0B86 /* JsonMock */ = {
			isa = PBXGroup;
			children = (
				1D5296292A6D1049003B0B86 /* SearchResponse.json */,
			);
			path = JsonMock;
			sourceTree = "<group>";
		};
		1D7C47F32A6847AD00616B02 /* Scenes */ = {
			isa = PBXGroup;
			children = (
				1DD3A9BB2A6C0117006ABF53 /* Main */,
				1D7C47F72A684BF000616B02 /* Preview */,
				1D7C47F82A684BF800616B02 /* Search */,
			);
			path = Scenes;
			sourceTree = "<group>";
		};
		1D7C47F62A68498500616B02 /* Resources */ = {
			isa = PBXGroup;
			children = (
				EF69528A2A680B9C00911F18 /* Assets.xcassets */,
			);
			path = Resources;
			sourceTree = "<group>";
		};
		1D7C47F72A684BF000616B02 /* Preview */ = {
			isa = PBXGroup;
			children = (
				1D7C48022A684D1B00616B02 /* View */,
				1D7C48012A684D0F00616B02 /* ViewModel */,
			);
			path = Preview;
			sourceTree = "<group>";
		};
		1D7C47F82A684BF800616B02 /* Search */ = {
			isa = PBXGroup;
			children = (
				1D7C48032A684D2100616B02 /* View */,
				1D7C48002A684D0800616B02 /* ViewModel */,
			);
			path = Search;
			sourceTree = "<group>";
		};
		1D7C47FB2A684C6C00616B02 /* Providers */ = {
			isa = PBXGroup;
			children = (
				1D7C480B2A6850B300616B02 /* ITunesAPI.swift */,
			);
			path = Providers;
			sourceTree = "<group>";
		};
		1D7C47FE2A684CA600616B02 /* Repositories */ = {
			isa = PBXGroup;
			children = (
				1D7C48142A6853D000616B02 /* ITunesRepository.swift */,
			);
			path = Repositories;
			sourceTree = "<group>";
		};
		1D7C47FF2A684CE400616B02 /* Models */ = {
			isa = PBXGroup;
			children = (
				1D7C48102A68526600616B02 /* Search */,
			);
			path = Models;
			sourceTree = "<group>";
		};
		1D7C48002A684D0800616B02 /* ViewModel */ = {
			isa = PBXGroup;
			children = (
				1D7C48042A684D5600616B02 /* SearchViewModel.swift */,
			);
			path = ViewModel;
			sourceTree = "<group>";
		};
		1D7C48012A684D0F00616B02 /* ViewModel */ = {
			isa = PBXGroup;
			children = (
				1D7C48082A684D8B00616B02 /* PreviewViewModel.swift */,
			);
			path = ViewModel;
			sourceTree = "<group>";
		};
		1D7C48022A684D1B00616B02 /* View */ = {
			isa = PBXGroup;
			children = (
				1D7C47F92A684C0900616B02 /* PreviewController.swift */,
			);
			path = View;
			sourceTree = "<group>";
		};
		1D7C48032A684D2100616B02 /* View */ = {
			isa = PBXGroup;
			children = (
				1D7C47F42A6847D100616B02 /* SearchViewController.swift */,
			);
			path = View;
			sourceTree = "<group>";
		};
		1D7C480A2A684EE200616B02 /* Data */ = {
			isa = PBXGroup;
			children = (
				1D7C48182A68567F00616B02 /* UseCases */,
				1D7C47FF2A684CE400616B02 /* Models */,
				1D7C47FE2A684CA600616B02 /* Repositories */,
				1D7C47FB2A684C6C00616B02 /* Providers */,
			);
			path = Data;
			sourceTree = "<group>";
		};
		1D7C480D2A6851EA00616B02 /* Extensions */ = {
			isa = PBXGroup;
			children = (
				1D7C480E2A68520600616B02 /* Encodable+Extension.swift */,
				EFCC326A2A6A057B00D2ABDD /* UIImageView+Extension.swift */,
				1DD3A9B92A6BECDD006ABF53 /* UIViewController+Extension.swift */,
				1DD3A9C42A6C5979006ABF53 /* Double+Extension.swift */,
				1DD3A9C82A6C6204006ABF53 /* AVPlayer+Extension.swift */,
			);
			path = Extensions;
			sourceTree = "<group>";
		};
		1D7C48102A68526600616B02 /* Search */ = {
			isa = PBXGroup;
			children = (
				1D7C48122A68528300616B02 /* SearchRequest.swift */,
				1D7C48162A68542A00616B02 /* SearchResponse.swift */,
			);
			path = Search;
			sourceTree = "<group>";
		};
		1D7C48182A68567F00616B02 /* UseCases */ = {
			isa = PBXGroup;
			children = (
				1D7C48192A68569200616B02 /* GetSearchUseCase.swift */,
			);
			path = UseCases;
			sourceTree = "<group>";
		};
		1DBE2D982A6D2C9000B9424D /* Preview */ = {
			isa = PBXGroup;
			children = (
				1DBE2D992A6D2C9900B9424D /* ViewModel */,
			);
			name = Preview;
			sourceTree = "<group>";
		};
		1DBE2D992A6D2C9900B9424D /* ViewModel */ = {
			isa = PBXGroup;
			children = (
				1DBE2D9C2A6D2CAF00B9424D /* PreviewViewModelTests.swift */,
			);
			name = ViewModel;
			sourceTree = "<group>";
		};
		1DD3A9BB2A6C0117006ABF53 /* Main */ = {
			isa = PBXGroup;
			children = (
				1DD3A9BC2A6C012D006ABF53 /* MainViewController.swift */,
			);
			path = Main;
			sourceTree = "<group>";
		};
		5A2EA98D7E4B56C59D1C1243 /* Pods */ = {
			isa = PBXGroup;
			children = (
				3AA9E3031A0FC3E900523E67 /* Pods-example-playlist-itunes-music.debug.xcconfig */,
				8D3F20A4ECAD64A3D86DD64C /* Pods-example-playlist-itunes-music.release.xcconfig */,
				7BF3D98F4F5722C877E3072D /* Pods-example-playlist-itunes-musicTests.debug.xcconfig */,
				CBFC9B27A40876A58FA9E728 /* Pods-example-playlist-itunes-musicTests.release.xcconfig */,
			);
			path = Pods;
			sourceTree = "<group>";
		};
		E29DB9F966ECBB3B50661FDB /* Frameworks */ = {
			isa = PBXGroup;
			children = (
				16997A70BFF9CD8D1F3EA2DA /* Pods_example_playlist_itunes_music.framework */,
				28EDA903B3F97B218358CCCB /* Pods_example_playlist_itunes_music_example_playlist_itunes_musicUITests.framework */,
				15B33D3BB11C8F1C9C0D9B26 /* Pods_example_playlist_itunes_musicTests.framework */,
			);
			name = Frameworks;
			sourceTree = "<group>";
		};
		EF6952752A680B9A00911F18 = {
			isa = PBXGroup;
			children = (
				EF6952802A680B9A00911F18 /* example-playlist-itunes-music */,
				EF6952972A680B9C00911F18 /* example-playlist-itunes-musicTests */,
				EF69527F2A680B9A00911F18 /* Products */,
				5A2EA98D7E4B56C59D1C1243 /* Pods */,
				E29DB9F966ECBB3B50661FDB /* Frameworks */,
			);
			sourceTree = "<group>";
		};
		EF69527F2A680B9A00911F18 /* Products */ = {
			isa = PBXGroup;
			children = (
				EF69527E2A680B9A00911F18 /* example-playlist-itunes-music.app */,
				EF6952942A680B9C00911F18 /* example-playlist-itunes-musicTests.xctest */,
			);
			name = Products;
			sourceTree = "<group>";
		};
		EF6952802A680B9A00911F18 /* example-playlist-itunes-music */ = {
			isa = PBXGroup;
			children = (
				1D5296252A6D0FC5003B0B86 /* Tools */,
				EFCC32662A69FD3500D2ABDD /* Shared */,
				1D7C480D2A6851EA00616B02 /* Extensions */,
				1D7C480A2A684EE200616B02 /* Data */,
				1D7C47F62A68498500616B02 /* Resources */,
				1D7C47F32A6847AD00616B02 /* Scenes */,
				EF6952812A680B9A00911F18 /* AppDelegate.swift */,
				EF6952832A680B9A00911F18 /* SceneDelegate.swift */,
				EF69528C2A680B9C00911F18 /* LaunchScreen.storyboard */,
				EF69528F2A680B9C00911F18 /* Info.plist */,
			);
			path = "example-playlist-itunes-music";
			sourceTree = "<group>";
		};
		EF6952972A680B9C00911F18 /* example-playlist-itunes-musicTests */ = {
			isa = PBXGroup;
			children = (
				1D5296282A6D1026003B0B86 /* JsonMock */,
				1D5296222A6D0A62003B0B86 /* Spy */,
				1D5296212A6D0A21003B0B86 /* Scenes */,
				1D5296202A6D0A1B003B0B86 /* Repositories */,
				1D52961F2A6D0996003B0B86 /* UseCases */,
			);
			path = "example-playlist-itunes-musicTests";
			sourceTree = "<group>";
		};
		EFCC32622A69FC8400D2ABDD /* Components */ = {
			isa = PBXGroup;
			children = (
				1DD3A9BE2A6C3DF5006ABF53 /* PreviewPosterView.swift */,
				1DD3A9C02A6C4693006ABF53 /* PreviewDetailView.swift */,
				1DD3A9C22A6C482C006ABF53 /* PreviewControlView.swift */,
			);
			path = Components;
			sourceTree = "<group>";
		};
		EFCC32662A69FD3500D2ABDD /* Shared */ = {
			isa = PBXGroup;
			children = (
				EFCC326C2A6A278100D2ABDD /* ViewController */,
				EFCC32672A69FD3E00D2ABDD /* CollectionViewCell */,
				EFCC32622A69FC8400D2ABDD /* Components */,
			);
			path = Shared;
			sourceTree = "<group>";
		};
		EFCC32672A69FD3E00D2ABDD /* CollectionViewCell */ = {
			isa = PBXGroup;
			children = (
				EFCC32682A69FD5A00D2ABDD /* PlaylistItemCollectionViewCell.swift */,
				1D52961D2A6CFFAC003B0B86 /* ResultSearchCollectionViewCell.swift */,
			);
			path = CollectionViewCell;
			sourceTree = "<group>";
		};
		EFCC326C2A6A278100D2ABDD /* ViewController */ = {
			isa = PBXGroup;
			children = (
				EFCC326D2A6A278C00D2ABDD /* SpinnerViewController.swift */,
			);
			path = ViewController;
			sourceTree = "<group>";
		};
/* End PBXGroup section */

/* Begin PBXNativeTarget section */
		EF69527D2A680B9A00911F18 /* example-playlist-itunes-music */ = {
			isa = PBXNativeTarget;
			buildConfigurationList = EF6952A82A680B9C00911F18 /* Build configuration list for PBXNativeTarget "example-playlist-itunes-music" */;
			buildPhases = (
				C502C32DFE968109D17EA2D7 /* [CP] Check Pods Manifest.lock */,
				EF69527A2A680B9A00911F18 /* Sources */,
				EF69527B2A680B9A00911F18 /* Frameworks */,
				EF69527C2A680B9A00911F18 /* Resources */,
				46AABD81D7B8FC0C0D86E6C2 /* [CP] Embed Pods Frameworks */,
			);
			buildRules = (
			);
			dependencies = (
			);
			name = "example-playlist-itunes-music";
			productName = "example-playlist-itunes-music";
			productReference = EF69527E2A680B9A00911F18 /* example-playlist-itunes-music.app */;
			productType = "com.apple.product-type.application";
		};
		EF6952932A680B9C00911F18 /* example-playlist-itunes-musicTests */ = {
			isa = PBXNativeTarget;
			buildConfigurationList = EF6952AB2A680B9C00911F18 /* Build configuration list for PBXNativeTarget "example-playlist-itunes-musicTests" */;
			buildPhases = (
				F221F5679DFF22CEC46B4E80 /* [CP] Check Pods Manifest.lock */,
				EF6952902A680B9C00911F18 /* Sources */,
				EF6952912A680B9C00911F18 /* Frameworks */,
				EF6952922A680B9C00911F18 /* Resources */,
			);
			buildRules = (
			);
			dependencies = (
				EF6952962A680B9C00911F18 /* PBXTargetDependency */,
			);
			name = "example-playlist-itunes-musicTests";
			productName = "example-playlist-itunes-musicTests";
			productReference = EF6952942A680B9C00911F18 /* example-playlist-itunes-musicTests.xctest */;
			productType = "com.apple.product-type.bundle.unit-test";
		};
/* End PBXNativeTarget section */

/* Begin PBXProject section */
		EF6952762A680B9A00911F18 /* Project object */ = {
			isa = PBXProject;
			attributes = {
				BuildIndependentTargetsInParallel = 1;
				LastSwiftUpdateCheck = 1430;
				LastUpgradeCheck = 1430;
				TargetAttributes = {
					EF69527D2A680B9A00911F18 = {
						CreatedOnToolsVersion = 14.3;
					};
					EF6952932A680B9C00911F18 = {
						CreatedOnToolsVersion = 14.3;
						TestTargetID = EF69527D2A680B9A00911F18;
					};
				};
			};
			buildConfigurationList = EF6952792A680B9A00911F18 /* Build configuration list for PBXProject "example-playlist-itunes-music" */;
			compatibilityVersion = "Xcode 14.0";
			developmentRegion = en;
			hasScannedForEncodings = 0;
			knownRegions = (
				en,
				Base,
			);
			mainGroup = EF6952752A680B9A00911F18;
			productRefGroup = EF69527F2A680B9A00911F18 /* Products */;
			projectDirPath = "";
			projectRoot = "";
			targets = (
				EF69527D2A680B9A00911F18 /* example-playlist-itunes-music */,
				EF6952932A680B9C00911F18 /* example-playlist-itunes-musicTests */,
			);
		};
/* End PBXProject section */

/* Begin PBXResourcesBuildPhase section */
		EF69527C2A680B9A00911F18 /* Resources */ = {
			isa = PBXResourcesBuildPhase;
			buildActionMask = 2147483647;
			files = (
				EF69528E2A680B9C00911F18 /* LaunchScreen.storyboard in Resources */,
				EF69528B2A680B9C00911F18 /* Assets.xcassets in Resources */,
			);
			runOnlyForDeploymentPostprocessing = 0;
		};
		EF6952922A680B9C00911F18 /* Resources */ = {
			isa = PBXResourcesBuildPhase;
			buildActionMask = 2147483647;
			files = (
				1D52962A2A6D1049003B0B86 /* SearchResponse.json in Resources */,
			);
			runOnlyForDeploymentPostprocessing = 0;
		};
/* End PBXResourcesBuildPhase section */

/* Begin PBXShellScriptBuildPhase section */
		46AABD81D7B8FC0C0D86E6C2 /* [CP] Embed Pods Frameworks */ = {
			isa = PBXShellScriptBuildPhase;
			buildActionMask = 2147483647;
			files = (
			);
			inputFileListPaths = (
				"${PODS_ROOT}/Target Support Files/Pods-example-playlist-itunes-music/Pods-example-playlist-itunes-music-frameworks-${CONFIGURATION}-input-files.xcfilelist",
			);
			name = "[CP] Embed Pods Frameworks";
			outputFileListPaths = (
				"${PODS_ROOT}/Target Support Files/Pods-example-playlist-itunes-music/Pods-example-playlist-itunes-music-frameworks-${CONFIGURATION}-output-files.xcfilelist",
			);
			runOnlyForDeploymentPostprocessing = 0;
			shellPath = /bin/sh;
			shellScript = "\"${PODS_ROOT}/Target Support Files/Pods-example-playlist-itunes-music/Pods-example-playlist-itunes-music-frameworks.sh\"\n";
			showEnvVarsInLog = 0;
		};
		C502C32DFE968109D17EA2D7 /* [CP] Check Pods Manifest.lock */ = {
			isa = PBXShellScriptBuildPhase;
			buildActionMask = 2147483647;
			files = (
			);
			inputFileListPaths = (
			);
			inputPaths = (
				"${PODS_PODFILE_DIR_PATH}/Podfile.lock",
				"${PODS_ROOT}/Manifest.lock",
			);
			name = "[CP] Check Pods Manifest.lock";
			outputFileListPaths = (
			);
			outputPaths = (
				"$(DERIVED_FILE_DIR)/Pods-example-playlist-itunes-music-checkManifestLockResult.txt",
			);
			runOnlyForDeploymentPostprocessing = 0;
			shellPath = /bin/sh;
			shellScript = "diff \"${PODS_PODFILE_DIR_PATH}/Podfile.lock\" \"${PODS_ROOT}/Manifest.lock\" > /dev/null\nif [ $? != 0 ] ; then\n    # print error to STDERR\n    echo \"error: The sandbox is not in sync with the Podfile.lock. Run 'pod install' or update your CocoaPods installation.\" >&2\n    exit 1\nfi\n# This output is used by Xcode 'outputs' to avoid re-running this script phase.\necho \"SUCCESS\" > \"${SCRIPT_OUTPUT_FILE_0}\"\n";
			showEnvVarsInLog = 0;
		};
		F221F5679DFF22CEC46B4E80 /* [CP] Check Pods Manifest.lock */ = {
			isa = PBXShellScriptBuildPhase;
			buildActionMask = 2147483647;
			files = (
			);
			inputFileListPaths = (
			);
			inputPaths = (
				"${PODS_PODFILE_DIR_PATH}/Podfile.lock",
				"${PODS_ROOT}/Manifest.lock",
			);
			name = "[CP] Check Pods Manifest.lock";
			outputFileListPaths = (
			);
			outputPaths = (
				"$(DERIVED_FILE_DIR)/Pods-example-playlist-itunes-musicTests-checkManifestLockResult.txt",
			);
			runOnlyForDeploymentPostprocessing = 0;
			shellPath = /bin/sh;
			shellScript = "diff \"${PODS_PODFILE_DIR_PATH}/Podfile.lock\" \"${PODS_ROOT}/Manifest.lock\" > /dev/null\nif [ $? != 0 ] ; then\n    # print error to STDERR\n    echo \"error: The sandbox is not in sync with the Podfile.lock. Run 'pod install' or update your CocoaPods installation.\" >&2\n    exit 1\nfi\n# This output is used by Xcode 'outputs' to avoid re-running this script phase.\necho \"SUCCESS\" > \"${SCRIPT_OUTPUT_FILE_0}\"\n";
			showEnvVarsInLog = 0;
		};
/* End PBXShellScriptBuildPhase section */

/* Begin PBXSourcesBuildPhase section */
		EF69527A2A680B9A00911F18 /* Sources */ = {
			isa = PBXSourcesBuildPhase;
			buildActionMask = 2147483647;
			files = (
				1DD3A9BA2A6BECDD006ABF53 /* UIViewController+Extension.swift in Sources */,
				1D7C481A2A68569200616B02 /* GetSearchUseCase.swift in Sources */,
				1DD3A9C52A6C5979006ABF53 /* Double+Extension.swift in Sources */,
				1D7C47FA2A684C0900616B02 /* PreviewController.swift in Sources */,
				1D7C480F2A68520600616B02 /* Encodable+Extension.swift in Sources */,
				1DD3A9C12A6C4693006ABF53 /* PreviewDetailView.swift in Sources */,
				1D7C48052A684D5600616B02 /* SearchViewModel.swift in Sources */,
				EFCC326E2A6A278C00D2ABDD /* SpinnerViewController.swift in Sources */,
				1D52961E2A6CFFAC003B0B86 /* ResultSearchCollectionViewCell.swift in Sources */,
				1D7C48152A6853D000616B02 /* ITunesRepository.swift in Sources */,
				EFCC32692A69FD5A00D2ABDD /* PlaylistItemCollectionViewCell.swift in Sources */,
				EF6952822A680B9A00911F18 /* AppDelegate.swift in Sources */,
				1D7C480C2A6850B300616B02 /* ITunesAPI.swift in Sources */,
				1D7C48172A68542A00616B02 /* SearchResponse.swift in Sources */,
				1D7C47F52A6847D100616B02 /* SearchViewController.swift in Sources */,
				1D7C48092A684D8B00616B02 /* PreviewViewModel.swift in Sources */,
				EFCC326B2A6A057B00D2ABDD /* UIImageView+Extension.swift in Sources */,
				1DD3A9BD2A6C012D006ABF53 /* MainViewController.swift in Sources */,
				1D7C48132A68528300616B02 /* SearchRequest.swift in Sources */,
				1DD3A9C32A6C482C006ABF53 /* PreviewControlView.swift in Sources */,
				1DD3A9C92A6C6204006ABF53 /* AVPlayer+Extension.swift in Sources */,
				1DD3A9BF2A6C3DF5006ABF53 /* PreviewPosterView.swift in Sources */,
				1D5296272A6D0FD3003B0B86 /* GetJsonFile.swift in Sources */,
				EF6952842A680B9A00911F18 /* SceneDelegate.swift in Sources */,
			);
			runOnlyForDeploymentPostprocessing = 0;
		};
		EF6952902A680B9C00911F18 /* Sources */ = {
			isa = PBXSourcesBuildPhase;
			buildActionMask = 2147483647;
			files = (
				1D0AC45A2A6D22AE00BC25FB /* GetSearchUseCaseSpy.swift in Sources */,
				1D0AC4502A6D16D700BC25FB /* GetSearchUseCaseTests.swift in Sources */,
				1DBE2D9D2A6D2CAF00B9424D /* PreviewViewModelTests.swift in Sources */,
				1D0AC4532A6D18CF00BC25FB /* ITunesRepositorySpy.swift in Sources */,
				1D0AC4572A6D200A00BC25FB /* SearchViewModelTests.swift in Sources */,
				1D5296242A6D0B77003B0B86 /* ITunesRepositoryTests.swift in Sources */,
			);
			runOnlyForDeploymentPostprocessing = 0;
		};
/* End PBXSourcesBuildPhase section */

/* Begin PBXTargetDependency section */
		EF6952962A680B9C00911F18 /* PBXTargetDependency */ = {
			isa = PBXTargetDependency;
			target = EF69527D2A680B9A00911F18 /* example-playlist-itunes-music */;
			targetProxy = EF6952952A680B9C00911F18 /* PBXContainerItemProxy */;
		};
/* End PBXTargetDependency section */

/* Begin PBXVariantGroup section */
		EF69528C2A680B9C00911F18 /* LaunchScreen.storyboard */ = {
			isa = PBXVariantGroup;
			children = (
				EF69528D2A680B9C00911F18 /* Base */,
			);
			name = LaunchScreen.storyboard;
			sourceTree = "<group>";
		};
/* End PBXVariantGroup section */

/* Begin XCBuildConfiguration section */
		EF6952A62A680B9C00911F18 /* Debug */ = {
			isa = XCBuildConfiguration;
			buildSettings = {
				ALWAYS_SEARCH_USER_PATHS = NO;
				CLANG_ANALYZER_NONNULL = YES;
				CLANG_ANALYZER_NUMBER_OBJECT_CONVERSION = YES_AGGRESSIVE;
				CLANG_CXX_LANGUAGE_STANDARD = "gnu++20";
				CLANG_ENABLE_MODULES = YES;
				CLANG_ENABLE_OBJC_ARC = YES;
				CLANG_ENABLE_OBJC_WEAK = YES;
				CLANG_WARN_BLOCK_CAPTURE_AUTORELEASING = YES;
				CLANG_WARN_BOOL_CONVERSION = YES;
				CLANG_WARN_COMMA = YES;
				CLANG_WARN_CONSTANT_CONVERSION = YES;
				CLANG_WARN_DEPRECATED_OBJC_IMPLEMENTATIONS = YES;
				CLANG_WARN_DIRECT_OBJC_ISA_USAGE = YES_ERROR;
				CLANG_WARN_DOCUMENTATION_COMMENTS = YES;
				CLANG_WARN_EMPTY_BODY = YES;
				CLANG_WARN_ENUM_CONVERSION = YES;
				CLANG_WARN_INFINITE_RECURSION = YES;
				CLANG_WARN_INT_CONVERSION = YES;
				CLANG_WARN_NON_LITERAL_NULL_CONVERSION = YES;
				CLANG_WARN_OBJC_IMPLICIT_RETAIN_SELF = YES;
				CLANG_WARN_OBJC_LITERAL_CONVERSION = YES;
				CLANG_WARN_OBJC_ROOT_CLASS = YES_ERROR;
				CLANG_WARN_QUOTED_INCLUDE_IN_FRAMEWORK_HEADER = YES;
				CLANG_WARN_RANGE_LOOP_ANALYSIS = YES;
				CLANG_WARN_STRICT_PROTOTYPES = YES;
				CLANG_WARN_SUSPICIOUS_MOVE = YES;
				CLANG_WARN_UNGUARDED_AVAILABILITY = YES_AGGRESSIVE;
				CLANG_WARN_UNREACHABLE_CODE = YES;
				CLANG_WARN__DUPLICATE_METHOD_MATCH = YES;
				COPY_PHASE_STRIP = NO;
				DEBUG_INFORMATION_FORMAT = dwarf;
				ENABLE_STRICT_OBJC_MSGSEND = YES;
				ENABLE_TESTABILITY = YES;
				GCC_C_LANGUAGE_STANDARD = gnu11;
				GCC_DYNAMIC_NO_PIC = NO;
				GCC_NO_COMMON_BLOCKS = YES;
				GCC_OPTIMIZATION_LEVEL = 0;
				GCC_PREPROCESSOR_DEFINITIONS = (
					"DEBUG=1",
					"$(inherited)",
				);
				GCC_WARN_64_TO_32_BIT_CONVERSION = YES;
				GCC_WARN_ABOUT_RETURN_TYPE = YES_ERROR;
				GCC_WARN_UNDECLARED_SELECTOR = YES;
				GCC_WARN_UNINITIALIZED_AUTOS = YES_AGGRESSIVE;
				GCC_WARN_UNUSED_FUNCTION = YES;
				GCC_WARN_UNUSED_VARIABLE = YES;
				IPHONEOS_DEPLOYMENT_TARGET = 15.0;
				MTL_ENABLE_DEBUG_INFO = INCLUDE_SOURCE;
				MTL_FAST_MATH = YES;
				ONLY_ACTIVE_ARCH = YES;
				SDKROOT = iphoneos;
				SWIFT_ACTIVE_COMPILATION_CONDITIONS = DEBUG;
				SWIFT_OPTIMIZATION_LEVEL = "-Onone";
			};
			name = Debug;
		};
		EF6952A72A680B9C00911F18 /* Release */ = {
			isa = XCBuildConfiguration;
			buildSettings = {
				ALWAYS_SEARCH_USER_PATHS = NO;
				CLANG_ANALYZER_NONNULL = YES;
				CLANG_ANALYZER_NUMBER_OBJECT_CONVERSION = YES_AGGRESSIVE;
				CLANG_CXX_LANGUAGE_STANDARD = "gnu++20";
				CLANG_ENABLE_MODULES = YES;
				CLANG_ENABLE_OBJC_ARC = YES;
				CLANG_ENABLE_OBJC_WEAK = YES;
				CLANG_WARN_BLOCK_CAPTURE_AUTORELEASING = YES;
				CLANG_WARN_BOOL_CONVERSION = YES;
				CLANG_WARN_COMMA = YES;
				CLANG_WARN_CONSTANT_CONVERSION = YES;
				CLANG_WARN_DEPRECATED_OBJC_IMPLEMENTATIONS = YES;
				CLANG_WARN_DIRECT_OBJC_ISA_USAGE = YES_ERROR;
				CLANG_WARN_DOCUMENTATION_COMMENTS = YES;
				CLANG_WARN_EMPTY_BODY = YES;
				CLANG_WARN_ENUM_CONVERSION = YES;
				CLANG_WARN_INFINITE_RECURSION = YES;
				CLANG_WARN_INT_CONVERSION = YES;
				CLANG_WARN_NON_LITERAL_NULL_CONVERSION = YES;
				CLANG_WARN_OBJC_IMPLICIT_RETAIN_SELF = YES;
				CLANG_WARN_OBJC_LITERAL_CONVERSION = YES;
				CLANG_WARN_OBJC_ROOT_CLASS = YES_ERROR;
				CLANG_WARN_QUOTED_INCLUDE_IN_FRAMEWORK_HEADER = YES;
				CLANG_WARN_RANGE_LOOP_ANALYSIS = YES;
				CLANG_WARN_STRICT_PROTOTYPES = YES;
				CLANG_WARN_SUSPICIOUS_MOVE = YES;
				CLANG_WARN_UNGUARDED_AVAILABILITY = YES_AGGRESSIVE;
				CLANG_WARN_UNREACHABLE_CODE = YES;
				CLANG_WARN__DUPLICATE_METHOD_MATCH = YES;
				COPY_PHASE_STRIP = NO;
				DEBUG_INFORMATION_FORMAT = "dwarf-with-dsym";
				ENABLE_NS_ASSERTIONS = NO;
				ENABLE_STRICT_OBJC_MSGSEND = YES;
				GCC_C_LANGUAGE_STANDARD = gnu11;
				GCC_NO_COMMON_BLOCKS = YES;
				GCC_WARN_64_TO_32_BIT_CONVERSION = YES;
				GCC_WARN_ABOUT_RETURN_TYPE = YES_ERROR;
				GCC_WARN_UNDECLARED_SELECTOR = YES;
				GCC_WARN_UNINITIALIZED_AUTOS = YES_AGGRESSIVE;
				GCC_WARN_UNUSED_FUNCTION = YES;
				GCC_WARN_UNUSED_VARIABLE = YES;
				IPHONEOS_DEPLOYMENT_TARGET = 15.0;
				MTL_ENABLE_DEBUG_INFO = NO;
				MTL_FAST_MATH = YES;
				SDKROOT = iphoneos;
				SWIFT_COMPILATION_MODE = wholemodule;
				SWIFT_OPTIMIZATION_LEVEL = "-O";
				VALIDATE_PRODUCT = YES;
			};
			name = Release;
		};
		EF6952A92A680B9C00911F18 /* Debug */ = {
			isa = XCBuildConfiguration;
			baseConfigurationReference = 3AA9E3031A0FC3E900523E67 /* Pods-example-playlist-itunes-music.debug.xcconfig */;
			buildSettings = {
				ASSETCATALOG_COMPILER_APPICON_NAME = AppIcon;
				ASSETCATALOG_COMPILER_GLOBAL_ACCENT_COLOR_NAME = AccentColor;
				CODE_SIGN_STYLE = Manual;
				CURRENT_PROJECT_VERSION = 1;
				DEVELOPMENT_TEAM = "";
				GENERATE_INFOPLIST_FILE = YES;
				INFOPLIST_FILE = "example-playlist-itunes-music/Info.plist";
				INFOPLIST_KEY_UIApplicationSupportsIndirectInputEvents = YES;
				INFOPLIST_KEY_UILaunchStoryboardName = LaunchScreen;
				INFOPLIST_KEY_UISupportedInterfaceOrientations_iPad = "UIInterfaceOrientationPortrait UIInterfaceOrientationPortraitUpsideDown UIInterfaceOrientationLandscapeLeft UIInterfaceOrientationLandscapeRight";
				INFOPLIST_KEY_UISupportedInterfaceOrientations_iPhone = "UIInterfaceOrientationPortrait UIInterfaceOrientationLandscapeLeft UIInterfaceOrientationLandscapeRight";
				IPHONEOS_DEPLOYMENT_TARGET = 15.0;
				LD_RUNPATH_SEARCH_PATHS = (
					"$(inherited)",
					"@executable_path/Frameworks",
				);
				MARKETING_VERSION = 1.0;
				PRODUCT_BUNDLE_IDENTIFIER = "com-test.example-playlist-itunes-music";
				PRODUCT_NAME = "$(TARGET_NAME)";
				PROVISIONING_PROFILE_SPECIFIER = "";
				SWIFT_EMIT_LOC_STRINGS = YES;
				SWIFT_VERSION = 5.0;
				TARGETED_DEVICE_FAMILY = "1,2";
			};
			name = Debug;
		};
		EF6952AA2A680B9C00911F18 /* Release */ = {
			isa = XCBuildConfiguration;
			baseConfigurationReference = 8D3F20A4ECAD64A3D86DD64C /* Pods-example-playlist-itunes-music.release.xcconfig */;
			buildSettings = {
				ASSETCATALOG_COMPILER_APPICON_NAME = AppIcon;
				ASSETCATALOG_COMPILER_GLOBAL_ACCENT_COLOR_NAME = AccentColor;
				CODE_SIGN_STYLE = Automatic;
				CURRENT_PROJECT_VERSION = 1;
				DEVELOPMENT_TEAM = Y46GLN8894;
				GENERATE_INFOPLIST_FILE = YES;
				INFOPLIST_FILE = "example-playlist-itunes-music/Info.plist";
				INFOPLIST_KEY_UIApplicationSupportsIndirectInputEvents = YES;
				INFOPLIST_KEY_UILaunchStoryboardName = LaunchScreen;
				INFOPLIST_KEY_UISupportedInterfaceOrientations_iPad = "UIInterfaceOrientationPortrait UIInterfaceOrientationPortraitUpsideDown UIInterfaceOrientationLandscapeLeft UIInterfaceOrientationLandscapeRight";
				INFOPLIST_KEY_UISupportedInterfaceOrientations_iPhone = "UIInterfaceOrientationPortrait UIInterfaceOrientationLandscapeLeft UIInterfaceOrientationLandscapeRight";
				IPHONEOS_DEPLOYMENT_TARGET = 15.0;
				LD_RUNPATH_SEARCH_PATHS = (
					"$(inherited)",
					"@executable_path/Frameworks",
				);
				MARKETING_VERSION = 1.0;
				PRODUCT_BUNDLE_IDENTIFIER = "com-test.example-playlist-itunes-music";
				PRODUCT_NAME = "$(TARGET_NAME)";
				SWIFT_EMIT_LOC_STRINGS = YES;
				SWIFT_VERSION = 5.0;
				TARGETED_DEVICE_FAMILY = "1,2";
			};
			name = Release;
		};
		EF6952AC2A680B9C00911F18 /* Debug */ = {
			isa = XCBuildConfiguration;
			baseConfigurationReference = 7BF3D98F4F5722C877E3072D /* Pods-example-playlist-itunes-musicTests.debug.xcconfig */;
			buildSettings = {
				ALWAYS_EMBED_SWIFT_STANDARD_LIBRARIES = YES;
				BUNDLE_LOADER = "$(TEST_HOST)";
				CODE_SIGN_STYLE = Automatic;
				CURRENT_PROJECT_VERSION = 1;
				DEVELOPMENT_TEAM = Y46GLN8894;
				GENERATE_INFOPLIST_FILE = YES;
				IPHONEOS_DEPLOYMENT_TARGET = 15.0;
				MARKETING_VERSION = 1.0;
				PRODUCT_BUNDLE_IDENTIFIER = "com-test.example-playlist-itunes-musicTests";
				PRODUCT_NAME = "$(TARGET_NAME)";
				SWIFT_EMIT_LOC_STRINGS = NO;
				SWIFT_VERSION = 5.0;
				TARGETED_DEVICE_FAMILY = "1,2";
				TEST_HOST = "$(BUILT_PRODUCTS_DIR)/example-playlist-itunes-music.app/$(BUNDLE_EXECUTABLE_FOLDER_PATH)/example-playlist-itunes-music";
			};
			name = Debug;
		};
		EF6952AD2A680B9C00911F18 /* Release */ = {
			isa = XCBuildConfiguration;
			baseConfigurationReference = CBFC9B27A40876A58FA9E728 /* Pods-example-playlist-itunes-musicTests.release.xcconfig */;
			buildSettings = {
				ALWAYS_EMBED_SWIFT_STANDARD_LIBRARIES = YES;
				BUNDLE_LOADER = "$(TEST_HOST)";
				CODE_SIGN_STYLE = Automatic;
				CURRENT_PROJECT_VERSION = 1;
				DEVELOPMENT_TEAM = Y46GLN8894;
				GENERATE_INFOPLIST_FILE = YES;
				IPHONEOS_DEPLOYMENT_TARGET = 15.0;
				MARKETING_VERSION = 1.0;
				PRODUCT_BUNDLE_IDENTIFIER = "com-test.example-playlist-itunes-musicTests";
				PRODUCT_NAME = "$(TARGET_NAME)";
				SWIFT_EMIT_LOC_STRINGS = NO;
				SWIFT_VERSION = 5.0;
				TARGETED_DEVICE_FAMILY = "1,2";
				TEST_HOST = "$(BUILT_PRODUCTS_DIR)/example-playlist-itunes-music.app/$(BUNDLE_EXECUTABLE_FOLDER_PATH)/example-playlist-itunes-music";
			};
			name = Release;
		};
/* End XCBuildConfiguration section */

/* Begin XCConfigurationList section */
		EF6952792A680B9A00911F18 /* Build configuration list for PBXProject "example-playlist-itunes-music" */ = {
			isa = XCConfigurationList;
			buildConfigurations = (
				EF6952A62A680B9C00911F18 /* Debug */,
				EF6952A72A680B9C00911F18 /* Release */,
			);
			defaultConfigurationIsVisible = 0;
			defaultConfigurationName = Release;
		};
		EF6952A82A680B9C00911F18 /* Build configuration list for PBXNativeTarget "example-playlist-itunes-music" */ = {
			isa = XCConfigurationList;
			buildConfigurations = (
				EF6952A92A680B9C00911F18 /* Debug */,
				EF6952AA2A680B9C00911F18 /* Release */,
			);
			defaultConfigurationIsVisible = 0;
			defaultConfigurationName = Release;
		};
		EF6952AB2A680B9C00911F18 /* Build configuration list for PBXNativeTarget "example-playlist-itunes-musicTests" */ = {
			isa = XCConfigurationList;
			buildConfigurations = (
				EF6952AC2A680B9C00911F18 /* Debug */,
				EF6952AD2A680B9C00911F18 /* Release */,
			);
			defaultConfigurationIsVisible = 0;
			defaultConfigurationName = Release;
		};
/* End XCConfigurationList section */
	};
	rootObject = EF6952762A680B9A00911F18 /* Project object */;
}
